{
  "name": "@bartosz_c/randomid-generator",
  "version": "1.0.0",
  "lockfileVersion": 2,
  "requires": true,
  "packages": {
    "": {
      "name": "@bartosz_c/randomid-generator",
      "version": "1.0.0",
      "license": "ISC",
      "dependencies": {
        "@bartosz_c/randomid-generator": "^1.0.0"
      }
    },
    "node_modules/@bartosz_c/randomid-generator": {
      "version": "1.0.0",
      "resolved": "https://registry.npmjs.org/@bartosz_c/randomid-generator/-/randomid-generator-1.0.0.tgz",
      "integrity": "sha512-FAnOl7JEabgxKQd8Aynngty3S+qeULCQ5+jVYJofYqkNLoJKi3Miiu7jvAzCYiBEIoIu9uPAhXfq1qko7T78yA=="
    }
  },
  "dependencies": {
    "@bartosz_c/randomid-generator": {
      "version": "1.0.0",
      "resolved": "https://registry.npmjs.org/@bartosz_c/randomid-generator/-/randomid-generator-1.0.0.tgz",
      "integrity": "sha512-FAnOl7JEabgxKQd8Aynngty3S+qeULCQ5+jVYJofYqkNLoJKi3Miiu7jvAzCYiBEIoIu9uPAhXfq1qko7T78yA=="
    }
  }
}
